// !$*UTF8*$!
{
	archiveVersion = 1;
	classes = {
	};
	objectVersion = 56;
	objects = {

/* Begin PBXFileReference section */
		1D6058900D05DD3D006BFB54 /* Viewooa.app */ = {isa = PBXFileReference; explicitFileType = wrapper.application; includeInIndex = 0; path = Viewooa.app; sourceTree = BUILT_PRODUCTS_DIR; };
		1D6058910D05DD3D006BFB54 /* ViewooaApp.swift */ = {isa = PBXFileReference; lastKnownFileType = sourcecode.swift; path = ViewooaApp.swift; sourceTree = "<group>"; };
		1D6058920D05DD3D006BFB54 /* ViewerWindowShell.swift */ = {isa = PBXFileReference; lastKnownFileType = sourcecode.swift; path = ViewerWindowShell.swift; sourceTree = "<group>"; };
		A10000000000000000000011 /* SupportedImageTypes.swift */ = {isa = PBXFileReference; lastKnownFileType = sourcecode.swift; path = SupportedImageTypes.swift; sourceTree = "<group>"; };
		A10000000000000000000012 /* FolderImageIndex.swift */ = {isa = PBXFileReference; lastKnownFileType = sourcecode.swift; path = FolderImageIndex.swift; sourceTree = "<group>"; };
		A10000000000000000000001 /* FolderImageIndexTests.swift */ = {isa = PBXFileReference; lastKnownFileType = sourcecode.swift; path = FolderImageIndexTests.swift; sourceTree = "<group>"; };
		A10000000000000000000008 /* ViewooaTests.xctest */ = {isa = PBXFileReference; explicitFileType = wrapper.cfbundle; includeInIndex = 0; path = ViewooaTests.xctest; sourceTree = BUILT_PRODUCTS_DIR; };
/* End PBXFileReference section */

/* Begin PBXFrameworksBuildPhase section */
		1D60588E0D05DD3D006BFB54 /* Frameworks */ = {
			isa = PBXFrameworksBuildPhase;
			buildActionMask = 2147483647;
			files = (
			);
			runOnlyForDeploymentPostprocessing = 0;
		};
		A10000000000000000000006 /* Frameworks */ = {
			isa = PBXFrameworksBuildPhase;
			buildActionMask = 2147483647;
			files = (
			);
			runOnlyForDeploymentPostprocessing = 0;
		};
/* End PBXFrameworksBuildPhase section */

/* Begin PBXGroup section */
		1D60588B0D05DD3D006BFB54 = {
			isa = PBXGroup;
			children = (
				1D60588C0D05DD3D006BFB54 /* Viewooa */,
				A10000000000000000000003 /* ViewooaTests */,
				1D60588D0D05DD3D006BFB54 /* Products */,
			);
			sourceTree = "<group>";
		};
		1D60588C0D05DD3D006BFB54 /* Viewooa */ = {
			isa = PBXGroup;
			children = (
				A10000000000000000000015 /* Core */,
				1D6058910D05DD3D006BFB54 /* ViewooaApp.swift */,
				1D6058920D05DD3D006BFB54 /* ViewerWindowShell.swift */,
			);
			path = Viewooa;
			sourceTree = "<group>";
		};
		A10000000000000000000015 /* Core */ = {
			isa = PBXGroup;
			children = (
				A10000000000000000000011 /* SupportedImageTypes.swift */,
				A10000000000000000000012 /* FolderImageIndex.swift */,
			);
			path = Core;
			sourceTree = "<group>";
		};
		A10000000000000000000003 /* ViewooaTests */ = {
			isa = PBXGroup;
			children = (
				A10000000000000000000001 /* FolderImageIndexTests.swift */,
			);
			path = ViewooaTests;
			sourceTree = "<group>";
		};
		1D60588D0D05DD3D006BFB54 /* Products */ = {
			isa = PBXGroup;
			children = (
				1D6058900D05DD3D006BFB54 /* Viewooa.app */,
				A10000000000000000000008 /* ViewooaTests.xctest */,
			);
			name = Products;
			sourceTree = "<group>";
		};
/* End PBXGroup section */

/* Begin PBXNativeTarget section */
		1D60588F0D05DD3D006BFB54 /* Viewooa */ = {
			isa = PBXNativeTarget;
			buildConfigurationList = 1D6058930D05DD3D006BFB54 /* Build configuration list for PBXNativeTarget "Viewooa" */;
			buildPhases = (
				1D60588A0D05DD3D006BFB54 /* Sources */,
				1D60588E0D05DD3D006BFB54 /* Frameworks */,
				1D6058990D05DD3D006BFB54 /* Resources */,
			);
			buildRules = (
			);
			dependencies = (
			);
			name = Viewooa;
			productName = Viewooa;
			productReference = 1D6058900D05DD3D006BFB54 /* Viewooa.app */;
			productType = "com.apple.product-type.application";
		};
		A10000000000000000000004 /* ViewooaTests */ = {
			isa = PBXNativeTarget;
			buildConfigurationList = A1000000000000000000000E /* Build configuration list for PBXNativeTarget "ViewooaTests" */;
			buildPhases = (
				A10000000000000000000005 /* Sources */,
				A10000000000000000000006 /* Frameworks */,
			);
			buildRules = (
			);
			dependencies = (
				A1000000000000000000000B /* PBXTargetDependency */,
			);
			name = ViewooaTests;
			productName = ViewooaTests;
			productReference = A10000000000000000000008 /* ViewooaTests.xctest */;
			productType = "com.apple.product-type.bundle.unit-test";
		};
/* End PBXNativeTarget section */

/* Begin PBXProject section */
		1D60588A0D05DD3D006BFB50 /* Project object */ = {
			isa = PBXProject;
			attributes = {
				BuildIndependentTargetsInParallel = 1;
				LastUpgradeCheck = 2600;
				TargetAttributes = {
					1D60588F0D05DD3D006BFB54 = {
						CreatedOnToolsVersion = 26.4.1;
					};
				};
			};
			buildConfigurationList = 1D6058940D05DD3D006BFB54 /* Build configuration list for PBXProject "Viewooa" */;
			compatibilityVersion = "Xcode 16.0";
			developmentRegion = en;
			hasScannedForEncodings = 0;
			mainGroup = 1D60588B0D05DD3D006BFB54;
			productRefGroup = 1D60588D0D05DD3D006BFB54 /* Products */;
			projectDirPath = "";
			projectRoot = "";
			targets = (
				1D60588F0D05DD3D006BFB54 /* Viewooa */,
				A10000000000000000000004 /* ViewooaTests */,
			);
		};
/* End PBXProject section */

/* Begin PBXResourcesBuildPhase section */
		1D6058990D05DD3D006BFB54 /* Resources */ = {
			isa = PBXResourcesBuildPhase;
			buildActionMask = 2147483647;
			files = (
			);
			runOnlyForDeploymentPostprocessing = 0;
		};
/* End PBXResourcesBuildPhase section */

/* Begin PBXTargetDependency section */
		A1000000000000000000000B /* PBXTargetDependency */ = {
			isa = PBXTargetDependency;
			target = 1D60588F0D05DD3D006BFB54 /* Viewooa */;
			targetProxy = A1000000000000000000000A /* PBXContainerItemProxy */;
		};
/* End PBXTargetDependency section */

/* Begin PBXSourcesBuildPhase section */
		1D60588A0D05DD3D006BFB54 /* Sources */ = {
			isa = PBXSourcesBuildPhase;
			buildActionMask = 2147483647;
			files = (
				1D6058950D05DD3D006BFB54 /* ViewooaApp.swift in Sources */,
				1D6058960D05DD3D006BFB54 /* ViewerWindowShell.swift in Sources */,
				A10000000000000000000013 /* SupportedImageTypes.swift in Sources */,
				A10000000000000000000014 /* FolderImageIndex.swift in Sources */,
			);
			runOnlyForDeploymentPostprocessing = 0;
		};
		A10000000000000000000005 /* Sources */ = {
			isa = PBXSourcesBuildPhase;
			buildActionMask = 2147483647;
			files = (
				A10000000000000000000002 /* FolderImageIndexTests.swift in Sources */,
			);
			runOnlyForDeploymentPostprocessing = 0;
		};
/* End PBXSourcesBuildPhase section */

/* Begin PBXBuildFile section */
		1D6058950D05DD3D006BFB54 /* ViewooaApp.swift in Sources */ = {isa = PBXBuildFile; fileRef = 1D6058910D05DD3D006BFB54 /* ViewooaApp.swift */; };
		1D6058960D05DD3D006BFB54 /* ViewerWindowShell.swift in Sources */ = {isa = PBXBuildFile; fileRef = 1D6058920D05DD3D006BFB54 /* ViewerWindowShell.swift */; };
		A10000000000000000000013 /* SupportedImageTypes.swift in Sources */ = {isa = PBXBuildFile; fileRef = A10000000000000000000011 /* SupportedImageTypes.swift */; };
		A10000000000000000000014 /* FolderImageIndex.swift in Sources */ = {isa = PBXBuildFile; fileRef = A10000000000000000000012 /* FolderImageIndex.swift */; };
		A10000000000000000000002 /* FolderImageIndexTests.swift in Sources */ = {isa = PBXBuildFile; fileRef = A10000000000000000000001 /* FolderImageIndexTests.swift */; };
/* End PBXBuildFile section */

/* Begin PBXContainerItemProxy section */
		A1000000000000000000000A /* PBXContainerItemProxy */ = {
			isa = PBXContainerItemProxy;
			containerPortal = 1D60588A0D05DD3D006BFB50 /* Project object */;
			proxyType = 1;
			remoteGlobalIDString = 1D60588F0D05DD3D006BFB54;
			remoteInfo = Viewooa;
		};
/* End PBXContainerItemProxy section */

/* Begin XCBuildConfiguration section */
		1D6058970D05DD3D006BFB54 /* Debug */ = {
			isa = XCBuildConfiguration;
			buildSettings = {
				ALWAYS_SEARCH_USER_PATHS = NO;
				CLANG_ENABLE_MODULES = YES;
				CODE_SIGNING_ALLOWED = NO;
				CODE_SIGNING_REQUIRED = NO;
				CODE_SIGN_IDENTITY = "";
				CURRENT_PROJECT_VERSION = 1;
				DEVELOPMENT_TEAM = "";
				ENABLE_HARDENED_RUNTIME = NO;
				ENABLE_TESTABILITY = YES;
				GENERATE_INFOPLIST_FILE = YES;
				INFOPLIST_KEY_CFBundleDisplayName = Viewooa;
				INFOPLIST_KEY_LSApplicationCategoryType = "public.app-category.photography";
				LD_RUNPATH_SEARCH_PATHS = "$(inherited) @executable_path/../Frameworks";
				MACOSX_DEPLOYMENT_TARGET = 15.0;
				MARKETING_VERSION = 1.0;
				PRODUCT_BUNDLE_IDENTIFIER = com.seinel.Viewooa;
				PRODUCT_NAME = Viewooa;
				SWIFT_EMIT_LOC_STRINGS = YES;
				SWIFT_VERSION = 6.0;
				TARGETED_DEVICE_FAMILY = "1,2";
			};
			name = Debug;
		};
		1D6058980D05DD3D006BFB54 /* Release */ = {
			isa = XCBuildConfiguration;
			buildSettings = {
				ALWAYS_SEARCH_USER_PATHS = NO;
				CLANG_ENABLE_MODULES = YES;
				CODE_SIGNING_ALLOWED = NO;
				CODE_SIGNING_REQUIRED = NO;
				CODE_SIGN_IDENTITY = "";
				CURRENT_PROJECT_VERSION = 1;
				DEVELOPMENT_TEAM = "";
				ENABLE_HARDENED_RUNTIME = NO;
				ENABLE_TESTABILITY = YES;
				GENERATE_INFOPLIST_FILE = YES;
				INFOPLIST_KEY_CFBundleDisplayName = Viewooa;
				INFOPLIST_KEY_LSApplicationCategoryType = "public.app-category.photography";
				LD_RUNPATH_SEARCH_PATHS = "$(inherited) @executable_path/../Frameworks";
				MACOSX_DEPLOYMENT_TARGET = 15.0;
				MARKETING_VERSION = 1.0;
				PRODUCT_BUNDLE_IDENTIFIER = com.seinel.Viewooa;
				PRODUCT_NAME = Viewooa;
				SWIFT_EMIT_LOC_STRINGS = YES;
				SWIFT_VERSION = 6.0;
				TARGETED_DEVICE_FAMILY = "1,2";
			};
			name = Release;
		};
		1D60589A0D05DD3D006BFB54 /* Debug */ = {
			isa = XCBuildConfiguration;
			buildSettings = {
				ALWAYS_SEARCH_USER_PATHS = NO;
				ASSETCATALOG_COMPILER_GENERATE_SWIFT_ASSET_SYMBOL_EXTENSIONS = YES;
				CLANG_ENABLE_MODULES = YES;
				CODE_SIGNING_ALLOWED = NO;
				CODE_SIGNING_REQUIRED = NO;
				CODE_SIGN_IDENTITY = "";
				CURRENT_PROJECT_VERSION = 1;
				DEVELOPMENT_TEAM = "";
				ENABLE_HARDENED_RUNTIME = NO;
				GENERATE_INFOPLIST_FILE = YES;
				INFOPLIST_KEY_CFBundleDevelopmentRegion = en;
				INFOPLIST_KEY_CFBundleDisplayName = Viewooa;
				INFOPLIST_KEY_LSApplicationCategoryType = "public.app-category.photography";
				INFOPLIST_KEY_NSHumanReadableCopyright = "";
				INFOPLIST_KEY_NSPrincipalClass = NSApplication;
				LD_RUNPATH_SEARCH_PATHS = "$(inherited) @executable_path/../Frameworks";
				MACOSX_DEPLOYMENT_TARGET = 15.0;
				MARKETING_VERSION = 1.0;
				PRODUCT_BUNDLE_IDENTIFIER = com.seinel.Viewooa;
				PRODUCT_NAME = Viewooa;
				SWIFT_EMIT_LOC_STRINGS = YES;
				SWIFT_VERSION = 6.0;
			};
			name = Debug;
		};
		1D60589B0D05DD3D006BFB54 /* Release */ = {
			isa = XCBuildConfiguration;
			buildSettings = {
				ALWAYS_SEARCH_USER_PATHS = NO;
				ASSETCATALOG_COMPILER_GENERATE_SWIFT_ASSET_SYMBOL_EXTENSIONS = YES;
				CLANG_ENABLE_MODULES = YES;
				CODE_SIGNING_ALLOWED = NO;
				CODE_SIGNING_REQUIRED = NO;
				CODE_SIGN_IDENTITY = "";
				CURRENT_PROJECT_VERSION = 1;
				DEVELOPMENT_TEAM = "";
				ENABLE_HARDENED_RUNTIME = NO;
				GENERATE_INFOPLIST_FILE = YES;
				INFOPLIST_KEY_CFBundleDevelopmentRegion = en;
				INFOPLIST_KEY_CFBundleDisplayName = Viewooa;
				INFOPLIST_KEY_LSApplicationCategoryType = "public.app-category.photography";
				INFOPLIST_KEY_NSHumanReadableCopyright = "";
				INFOPLIST_KEY_NSPrincipalClass = NSApplication;
				LD_RUNPATH_SEARCH_PATHS = "$(inherited) @executable_path/../Frameworks";
				MACOSX_DEPLOYMENT_TARGET = 15.0;
				MARKETING_VERSION = 1.0;
				PRODUCT_BUNDLE_IDENTIFIER = com.seinel.Viewooa;
				PRODUCT_NAME = Viewooa;
				SWIFT_EMIT_LOC_STRINGS = YES;
				SWIFT_VERSION = 6.0;
			};
			name = Release;
		};
		A1000000000000000000000C /* Debug */ = {
			isa = XCBuildConfiguration;
			buildSettings = {
				ALWAYS_SEARCH_USER_PATHS = NO;
				CLANG_ENABLE_MODULES = YES;
				CODE_SIGNING_ALLOWED = NO;
				CODE_SIGNING_REQUIRED = NO;
				CODE_SIGN_IDENTITY = "";
				CURRENT_PROJECT_VERSION = 1;
				DEVELOPMENT_TEAM = "";
				ENABLE_HARDENED_RUNTIME = NO;
				ENABLE_TESTABILITY = YES;
				GENERATE_INFOPLIST_FILE = YES;
				INFOPLIST_KEY_CFBundleDevelopmentRegion = en;
				INFOPLIST_KEY_NSPrincipalClass = "";
				LD_RUNPATH_SEARCH_PATHS = "$(inherited) @executable_path/../Frameworks @loader_path/../Frameworks";
				MACOSX_DEPLOYMENT_TARGET = 15.0;
				MARKETING_VERSION = 1.0;
				PRODUCT_BUNDLE_IDENTIFIER = com.seinel.ViewooaTests;
				PRODUCT_NAME = ViewooaTests;
				SWIFT_EMIT_LOC_STRINGS = YES;
				SWIFT_VERSION = 6.0;
				BUNDLE_LOADER = "$(BUILT_PRODUCTS_DIR)/Viewooa.app/Contents/MacOS/Viewooa";
				TEST_HOST = "$(BUILT_PRODUCTS_DIR)/Viewooa.app/Contents/MacOS/Viewooa";
			};
			name = Debug;
		};
		A1000000000000000000000D /* Release */ = {
			isa = XCBuildConfiguration;
			buildSettings = {
				ALWAYS_SEARCH_USER_PATHS = NO;
				CLANG_ENABLE_MODULES = YES;
				CODE_SIGNING_ALLOWED = NO;
				CODE_SIGNING_REQUIRED = NO;
				CODE_SIGN_IDENTITY = "";
				CURRENT_PROJECT_VERSION = 1;
				DEVELOPMENT_TEAM = "";
				ENABLE_HARDENED_RUNTIME = NO;
				GENERATE_INFOPLIST_FILE = YES;
				INFOPLIST_KEY_CFBundleDevelopmentRegion = en;
				INFOPLIST_KEY_NSPrincipalClass = "";
				LD_RUNPATH_SEARCH_PATHS = "$(inherited) @executable_path/../Frameworks @loader_path/../Frameworks";
				MACOSX_DEPLOYMENT_TARGET = 15.0;
				MARKETING_VERSION = 1.0;
				PRODUCT_BUNDLE_IDENTIFIER = com.seinel.ViewooaTests;
				PRODUCT_NAME = ViewooaTests;
				SWIFT_EMIT_LOC_STRINGS = YES;
				SWIFT_VERSION = 6.0;
				BUNDLE_LOADER = "$(BUILT_PRODUCTS_DIR)/Viewooa.app/Contents/MacOS/Viewooa";
				TEST_HOST = "$(BUILT_PRODUCTS_DIR)/Viewooa.app/Contents/MacOS/Viewooa";
			};
			name = Release;
		};
/* End XCBuildConfiguration section */

/* Begin XCConfigurationList section */
		1D6058930D05DD3D006BFB54 /* Build configuration list for PBXNativeTarget "Viewooa" */ = {
			isa = XCConfigurationList;
			buildConfigurations = (
				1D6058970D05DD3D006BFB54 /* Debug */,
				1D6058980D05DD3D006BFB54 /* Release */,
			);
			defaultConfigurationIsVisible = 0;
			defaultConfigurationName = Release;
		};
		A1000000000000000000000E /* Build configuration list for PBXNativeTarget "ViewooaTests" */ = {
			isa = XCConfigurationList;
			buildConfigurations = (
				A1000000000000000000000C /* Debug */,
				A1000000000000000000000D /* Release */,
			);
			defaultConfigurationIsVisible = 0;
			defaultConfigurationName = Release;
		};
		1D6058940D05DD3D006BFB54 /* Build configuration list for PBXProject "Viewooa" */ = {
			isa = XCConfigurationList;
			buildConfigurations = (
				1D60589A0D05DD3D006BFB54 /* Debug */,
				1D60589B0D05DD3D006BFB54 /* Release */,
			);
			defaultConfigurationIsVisible = 0;
			defaultConfigurationName = Release;
		};
/* End XCConfigurationList section */
	};
	rootObject = 1D60588A0D05DD3D006BFB50 /* Project object */;
}
